
Microsoft Visual Studio Solution File, Format Version 11.00
# Visual Web Developer Express 2010
Project("{FAE04EC0-301F-11D3-BF4B-00C04F79EFBC}") = "MvcFilmoteka", "MvcFilmoteka\MvcFilmoteka.csproj", "{D5C3EFBF-15E2-46E2-AE9C-1EBD93F5176D}"
EndProject
Global
	GlobalSection(SolutionConfigurationPlatforms) = preSolution
		Debug|Any CPU = Debug|Any CPU
		Release|Any CPU = Release|Any CPU
	EndGlobalSection
	GlobalSection(ProjectConfigurationPlatforms) = postSolution
		{D5C3EFBF-15E2-46E2-AE9C-1EBD93F5176D}.Debug|Any CPU.ActiveCfg = Debug|Any CPU
		{D5C3EFBF-15E2-46E2-AE9C-1EBD93F5176D}.Debug|Any CPU.Build.0 = Debug|Any CPU
		{D5C3EFBF-15E2-46E2-AE9C-1EBD93F5176D}.Release|Any CPU.ActiveCfg = Release|Any CPU
		{D5C3EFBF-15E2-46E2-AE9C-1EBD93F5176D}.Release|Any CPU.Build.0 = Release|Any CPU
	EndGlobalSection
	GlobalSection(SolutionProperties) = preSolution
		HideSolutionNode = FALSE
	EndGlobalSection
EndGlobal
